{
  "object": {
    "pins": [
      {
        "package": "Amplitude-Swift",
        "repositoryURL": "https://github.com/amplitude/Amplitude-Swift",
        "state": {
          "branch": null,
          "revision": "8293ca0b09aac19b7c87f51ad0386590a066e71f",
          "version": "0.4.14"
        }
      },
      {
        "package": "Adjust",
        "repositoryURL": "https://github.com/adjust/ios_sdk",
        "state": {
          "branch": null,
          "revision": "76c95522216f0ac0a583954feb67f016d8955211",
          "version": "4.33.6"
        }
      },
      {
        "package": "KovaleeSDK",
        "repositoryURL": "https://github.com/cotyapps/Kovalee-iOS-SDK",
        "state": {
          "branch": "gdpr-optout",
          "revision": "c873c2fac42697342a6a52f3a4ee3d780d49332f",
          "version": null
        }
      }
    ]
  },
  "version": 1
}
